// !$*UTF8*$!
{
	archiveVersion = 1;
	classes = {
	};
	objectVersion = 46;
	objects = {

/* Begin PBXBuildFile section */
		BB0C43F71F8E2AE300EC0FB7 /* ProfileViewController.swift in Sources */ = {isa = PBXBuildFile; fileRef = BB0C43F61F8E2AE300EC0FB7 /* ProfileViewController.swift */; };
		BB0C444C1F9246ED00EC0FB7 /* GCDDataManager.swift in Sources */ = {isa = PBXBuildFile; fileRef = BB0C444B1F9246ED00EC0FB7 /* GCDDataManager.swift */; };
		BB0C44501F92488900EC0FB7 /* ProfileDataToSave.swift in Sources */ = {isa = PBXBuildFile; fileRef = BB0C444F1F92488900EC0FB7 /* ProfileDataToSave.swift */; };
		BB0D35CE1F9256C8009750A4 /* Main.storyboard in Resources */ = {isa = PBXBuildFile; fileRef = BBA9AD751F77C8DC009F8FF0 /* Main.storyboard */; };
		BB11FE1E1F8AAEA4009DE922 /* MessageTableViewCell.swift in Sources */ = {isa = PBXBuildFile; fileRef = BB11FE1D1F8AAEA4009DE922 /* MessageTableViewCell.swift */; };
		BB13CDF91FA70B0600AB5C01 /* ConversationModel.swift in Sources */ = {isa = PBXBuildFile; fileRef = BB13CDF81FA70B0600AB5C01 /* ConversationModel.swift */; };
		BB145B901FB79DF00096C77D /* DialogProvider.swift in Sources */ = {isa = PBXBuildFile; fileRef = BB145B8F1FB79DF00096C77D /* DialogProvider.swift */; };
		BB145B931FB7A1700096C77D /* ConversProvider.swift in Sources */ = {isa = PBXBuildFile; fileRef = BB145B921FB7A1700096C77D /* ConversProvider.swift */; };
		BB1582541FAE229400E68F3E /* TinkoffHomework.xcdatamodeld in Sources */ = {isa = PBXBuildFile; fileRef = BB1582521FAE229400E68F3E /* TinkoffHomework.xcdatamodeld */; };
		BB1582561FAE235500E68F3E /* Stack.swift in Sources */ = {isa = PBXBuildFile; fileRef = BB1582551FAE235500E68F3E /* Stack.swift */; };
		BB1582581FAE382B00E68F3E /* AppUserCore.swift in Sources */ = {isa = PBXBuildFile; fileRef = BB1582571FAE382B00E68F3E /* AppUserCore.swift */; };
		BB15825A1FAE457700E68F3E /* StorageManager.swift in Sources */ = {isa = PBXBuildFile; fileRef = BB1582591FAE457700E68F3E /* StorageManager.swift */; };
		BB1690291F8A6A2000E5E227 /* ConversationsListViewController.swift in Sources */ = {isa = PBXBuildFile; fileRef = BB1690281F8A6A2000E5E227 /* ConversationsListViewController.swift */; };
		BB16902B1F8A6C3500E5E227 /* TableViewCell.swift in Sources */ = {isa = PBXBuildFile; fileRef = BB16902A1F8A6C3500E5E227 /* TableViewCell.swift */; };
		BB16903C1F8AA97D00E5E227 /* DialogueViewController.swift in Sources */ = {isa = PBXBuildFile; fileRef = BB16903B1F8AA97D00E5E227 /* DialogueViewController.swift */; };
		BB171CCD1F97BCA700AEE347 /* Communicator.swift in Sources */ = {isa = PBXBuildFile; fileRef = BB171CCC1F97BCA700AEE347 /* Communicator.swift */; };
		BB171CCF1F97C3BE00AEE347 /* MultipeerConectivity.swift in Sources */ = {isa = PBXBuildFile; fileRef = BB171CCE1F97C3BE00AEE347 /* MultipeerConectivity.swift */; };
		BB19CB921FB73817000FED3D /* CoreMessage.swift in Sources */ = {isa = PBXBuildFile; fileRef = BB19CB911FB73817000FED3D /* CoreMessage.swift */; };
		BB19CB941FB74373000FED3D /* UserCore.swift in Sources */ = {isa = PBXBuildFile; fileRef = BB19CB931FB74373000FED3D /* UserCore.swift */; };
		BB19CB961FB7439E000FED3D /* CoreConversation.swift in Sources */ = {isa = PBXBuildFile; fileRef = BB19CB951FB7439E000FED3D /* CoreConversation.swift */; };
		BB2E068F1F9BCAD500A14B6F /* CellData.swift in Sources */ = {isa = PBXBuildFile; fileRef = BB2E068E1F9BCAD400A14B6F /* CellData.swift */; };
		BBA9AD721F77C8DC009F8FF0 /* AppDelegate.swift in Sources */ = {isa = PBXBuildFile; fileRef = BBA9AD711F77C8DC009F8FF0 /* AppDelegate.swift */; };
		BBA9AD741F77C8DC009F8FF0 /* ViewController.swift in Sources */ = {isa = PBXBuildFile; fileRef = BBA9AD731F77C8DC009F8FF0 /* ViewController.swift */; };
		BBA9AD791F77C8DC009F8FF0 /* Assets.xcassets in Resources */ = {isa = PBXBuildFile; fileRef = BBA9AD781F77C8DC009F8FF0 /* Assets.xcassets */; };
		BBA9AD7C1F77C8DC009F8FF0 /* LaunchScreen.storyboard in Resources */ = {isa = PBXBuildFile; fileRef = BBA9AD7A1F77C8DC009F8FF0 /* LaunchScreen.storyboard */; };
		BBE962FC1F937EFB00C2331F /* OperationDataManager.swift in Sources */ = {isa = PBXBuildFile; fileRef = BBE962FB1F937EFB00C2331F /* OperationDataManager.swift */; };
/* End PBXBuildFile section */

/* Begin PBXFileReference section */
		BB0C43F61F8E2AE300EC0FB7 /* ProfileViewController.swift */ = {isa = PBXFileReference; lastKnownFileType = sourcecode.swift; path = ProfileViewController.swift; sourceTree = "<group>"; };
		BB0C444B1F9246ED00EC0FB7 /* GCDDataManager.swift */ = {isa = PBXFileReference; lastKnownFileType = sourcecode.swift; path = GCDDataManager.swift; sourceTree = "<group>"; };
		BB0C444F1F92488900EC0FB7 /* ProfileDataToSave.swift */ = {isa = PBXFileReference; lastKnownFileType = sourcecode.swift; path = ProfileDataToSave.swift; sourceTree = "<group>"; };
		BB11FE1D1F8AAEA4009DE922 /* MessageTableViewCell.swift */ = {isa = PBXFileReference; lastKnownFileType = sourcecode.swift; path = MessageTableViewCell.swift; sourceTree = "<group>"; };
		BB13CDF81FA70B0600AB5C01 /* ConversationModel.swift */ = {isa = PBXFileReference; lastKnownFileType = sourcecode.swift; path = ConversationModel.swift; sourceTree = "<group>"; };
		BB145B8F1FB79DF00096C77D /* DialogProvider.swift */ = {isa = PBXFileReference; lastKnownFileType = sourcecode.swift; path = DialogProvider.swift; sourceTree = "<group>"; };
		BB145B921FB7A1700096C77D /* ConversProvider.swift */ = {isa = PBXFileReference; lastKnownFileType = sourcecode.swift; path = ConversProvider.swift; sourceTree = "<group>"; };
		BB1582531FAE229400E68F3E /* TinkoffHomework.xcdatamodel */ = {isa = PBXFileReference; lastKnownFileType = wrapper.xcdatamodel; path = TinkoffHomework.xcdatamodel; sourceTree = "<group>"; };
		BB1582551FAE235500E68F3E /* Stack.swift */ = {isa = PBXFileReference; lastKnownFileType = sourcecode.swift; path = Stack.swift; sourceTree = "<group>"; };
		BB1582571FAE382B00E68F3E /* AppUserCore.swift */ = {isa = PBXFileReference; lastKnownFileType = sourcecode.swift; path = AppUserCore.swift; sourceTree = "<group>"; };
		BB1582591FAE457700E68F3E /* StorageManager.swift */ = {isa = PBXFileReference; lastKnownFileType = sourcecode.swift; path = StorageManager.swift; sourceTree = "<group>"; };
		BB1690281F8A6A2000E5E227 /* ConversationsListViewController.swift */ = {isa = PBXFileReference; lastKnownFileType = sourcecode.swift; path = ConversationsListViewController.swift; sourceTree = "<group>"; };
		BB16902A1F8A6C3500E5E227 /* TableViewCell.swift */ = {isa = PBXFileReference; lastKnownFileType = sourcecode.swift; path = TableViewCell.swift; sourceTree = "<group>"; };
		BB16903B1F8AA97D00E5E227 /* DialogueViewController.swift */ = {isa = PBXFileReference; lastKnownFileType = sourcecode.swift; path = DialogueViewController.swift; sourceTree = "<group>"; };
		BB171CCC1F97BCA700AEE347 /* Communicator.swift */ = {isa = PBXFileReference; lastKnownFileType = sourcecode.swift; path = Communicator.swift; sourceTree = "<group>"; };
		BB171CCE1F97C3BE00AEE347 /* MultipeerConectivity.swift */ = {isa = PBXFileReference; lastKnownFileType = sourcecode.swift; path = MultipeerConectivity.swift; sourceTree = "<group>"; };
		BB19CB911FB73817000FED3D /* CoreMessage.swift */ = {isa = PBXFileReference; lastKnownFileType = sourcecode.swift; path = CoreMessage.swift; sourceTree = "<group>"; };
		BB19CB931FB74373000FED3D /* UserCore.swift */ = {isa = PBXFileReference; lastKnownFileType = sourcecode.swift; path = UserCore.swift; sourceTree = "<group>"; };
		BB19CB951FB7439E000FED3D /* CoreConversation.swift */ = {isa = PBXFileReference; lastKnownFileType = sourcecode.swift; path = CoreConversation.swift; sourceTree = "<group>"; };
		BB2E068E1F9BCAD400A14B6F /* CellData.swift */ = {isa = PBXFileReference; lastKnownFileType = sourcecode.swift; path = CellData.swift; sourceTree = "<group>"; };
		BBA9AD6E1F77C8DC009F8FF0 /* homework.app */ = {isa = PBXFileReference; explicitFileType = wrapper.application; includeInIndex = 0; path = homework.app; sourceTree = BUILT_PRODUCTS_DIR; };
		BBA9AD711F77C8DC009F8FF0 /* AppDelegate.swift */ = {isa = PBXFileReference; lastKnownFileType = sourcecode.swift; path = AppDelegate.swift; sourceTree = "<group>"; };
		BBA9AD731F77C8DC009F8FF0 /* ViewController.swift */ = {isa = PBXFileReference; lastKnownFileType = sourcecode.swift; path = ViewController.swift; sourceTree = "<group>"; };
		BBA9AD761F77C8DC009F8FF0 /* Base */ = {isa = PBXFileReference; lastKnownFileType = file.storyboard; name = Base; path = Base.lproj/Main.storyboard; sourceTree = "<group>"; };
		BBA9AD781F77C8DC009F8FF0 /* Assets.xcassets */ = {isa = PBXFileReference; lastKnownFileType = folder.assetcatalog; path = Assets.xcassets; sourceTree = "<group>"; };
		BBA9AD7B1F77C8DC009F8FF0 /* Base */ = {isa = PBXFileReference; lastKnownFileType = file.storyboard; name = Base; path = Base.lproj/LaunchScreen.storyboard; sourceTree = "<group>"; };
		BBA9AD7D1F77C8DC009F8FF0 /* Info.plist */ = {isa = PBXFileReference; lastKnownFileType = text.plist.xml; path = Info.plist; sourceTree = "<group>"; };
		BBE962FB1F937EFB00C2331F /* OperationDataManager.swift */ = {isa = PBXFileReference; lastKnownFileType = sourcecode.swift; path = OperationDataManager.swift; sourceTree = "<group>"; };
/* End PBXFileReference section */

/* Begin PBXFrameworksBuildPhase section */
		BBA9AD6B1F77C8DC009F8FF0 /* Frameworks */ = {
			isa = PBXFrameworksBuildPhase;
			buildActionMask = 2147483647;
			files = (
			);
			runOnlyForDeploymentPostprocessing = 0;
		};
/* End PBXFrameworksBuildPhase section */

/* Begin PBXGroup section */
		BB0C444D1F92470300EC0FB7 /* Profile */ = {
			isa = PBXGroup;
			children = (
				BB0C444F1F92488900EC0FB7 /* ProfileDataToSave.swift */,
				BB0C43F61F8E2AE300EC0FB7 /* ProfileViewController.swift */,
			);
			path = Profile;
			sourceTree = "<group>";
		};
		BB0C444E1F92471B00EC0FB7 /* Dialogue */ = {
			isa = PBXGroup;
			children = (
				BB16903B1F8AA97D00E5E227 /* DialogueViewController.swift */,
				BB11FE1D1F8AAEA4009DE922 /* MessageTableViewCell.swift */,
				BB145B8F1FB79DF00096C77D /* DialogProvider.swift */,
			);
			path = Dialogue;
			sourceTree = "<group>";
		};
		BB12ABE71FA607C60025059B /* CoreLayer */ = {
			isa = PBXGroup;
			children = (
				BB12ABEC1FA60FF70025059B /* DataManagerCore */,
				BB12ABEB1FA60F8D0025059B /* MultipeerConnectivityCore */,
			);
			path = CoreLayer;
			sourceTree = "<group>";
		};
		BB12ABE81FA608140025059B /* PresentationLayer */ = {
			isa = PBXGroup;
			children = (
				BB13CDFA1FA78ED000AB5C01 /* Module */,
			);
			path = PresentationLayer;
			sourceTree = "<group>";
		};
		BB12ABE91FA608220025059B /* ServiceLayer */ = {
			isa = PBXGroup;
			children = (
				BB12ABEA1FA60F000025059B /* MultipeerConnectivityService */,
			);
			path = ServiceLayer;
			sourceTree = "<group>";
		};
		BB12ABEA1FA60F000025059B /* MultipeerConnectivityService */ = {
			isa = PBXGroup;
			children = (
				BB171CCE1F97C3BE00AEE347 /* MultipeerConectivity.swift */,
			);
			path = MultipeerConnectivityService;
			sourceTree = "<group>";
		};
		BB12ABEB1FA60F8D0025059B /* MultipeerConnectivityCore */ = {
			isa = PBXGroup;
			children = (
				BB171CCC1F97BCA700AEE347 /* Communicator.swift */,
			);
			path = MultipeerConnectivityCore;
			sourceTree = "<group>";
		};
		BB12ABEC1FA60FF70025059B /* DataManagerCore */ = {
			isa = PBXGroup;
			children = (
				BBE962FB1F937EFB00C2331F /* OperationDataManager.swift */,
				BB1582551FAE235500E68F3E /* Stack.swift */,
				BB1582591FAE457700E68F3E /* StorageManager.swift */,
				BB0C444B1F9246ED00EC0FB7 /* GCDDataManager.swift */,
				BB1582521FAE229400E68F3E /* TinkoffHomework.xcdatamodeld */,
				BB1582571FAE382B00E68F3E /* AppUserCore.swift */,
				BB19CB911FB73817000FED3D /* CoreMessage.swift */,
				BB19CB951FB7439E000FED3D /* CoreConversation.swift */,
				BB19CB931FB74373000FED3D /* UserCore.swift */,
			);
			path = DataManagerCore;
			sourceTree = "<group>";
		};
		BB12ABED1FA61D500025059B /* ConversationList */ = {
			isa = PBXGroup;
			children = (
				BB145B921FB7A1700096C77D /* ConversProvider.swift */,
				BB1690281F8A6A2000E5E227 /* ConversationsListViewController.swift */,
				BB13CDF81FA70B0600AB5C01 /* ConversationModel.swift */,
				BB16902A1F8A6C3500E5E227 /* TableViewCell.swift */,
				BB2E068E1F9BCAD400A14B6F /* CellData.swift */,
			);
			path = ConversationList;
			sourceTree = "<group>";
		};
		BB13CDFA1FA78ED000AB5C01 /* Module */ = {
			isa = PBXGroup;
			children = (
				BB0C444E1F92471B00EC0FB7 /* Dialogue */,
				BB0C444D1F92470300EC0FB7 /* Profile */,
				BB12ABED1FA61D500025059B /* ConversationList */,
			);
			path = Module;
			sourceTree = "<group>";
		};
		BBA9AD651F77C8DC009F8FF0 = {
			isa = PBXGroup;
			children = (
				BBA9AD701F77C8DC009F8FF0 /* homework */,
				BBA9AD6F1F77C8DC009F8FF0 /* Products */,
			);
			sourceTree = "<group>";
		};
		BBA9AD6F1F77C8DC009F8FF0 /* Products */ = {
			isa = PBXGroup;
			children = (
				BBA9AD6E1F77C8DC009F8FF0 /* homework.app */,
			);
			name = Products;
			sourceTree = "<group>";
		};
		BBA9AD701F77C8DC009F8FF0 /* homework */ = {
			isa = PBXGroup;
			children = (
				BB12ABE71FA607C60025059B /* CoreLayer */,
				BB12ABE91FA608220025059B /* ServiceLayer */,
				BB12ABE81FA608140025059B /* PresentationLayer */,
				BBA9AD711F77C8DC009F8FF0 /* AppDelegate.swift */,
				BBA9AD731F77C8DC009F8FF0 /* ViewController.swift */,
				BBA9AD751F77C8DC009F8FF0 /* Main.storyboard */,
				BBA9AD781F77C8DC009F8FF0 /* Assets.xcassets */,
				BBA9AD7A1F77C8DC009F8FF0 /* LaunchScreen.storyboard */,
				BBA9AD7D1F77C8DC009F8FF0 /* Info.plist */,
			);
			path = homework;
			sourceTree = "<group>";
		};
/* End PBXGroup section */

/* Begin PBXNativeTarget section */
		BBA9AD6D1F77C8DC009F8FF0 /* homework */ = {
			isa = PBXNativeTarget;
			buildConfigurationList = BBA9AD801F77C8DC009F8FF0 /* Build configuration list for PBXNativeTarget "homework" */;
			buildPhases = (
				BBA9AD6A1F77C8DC009F8FF0 /* Sources */,
				BBA9AD6B1F77C8DC009F8FF0 /* Frameworks */,
				BBA9AD6C1F77C8DC009F8FF0 /* Resources */,
			);
			buildRules = (
			);
			dependencies = (
			);
			name = homework;
			productName = homework;
			productReference = BBA9AD6E1F77C8DC009F8FF0 /* homework.app */;
			productType = "com.apple.product-type.application";
		};
/* End PBXNativeTarget section */

/* Begin PBXProject section */
		BBA9AD661F77C8DC009F8FF0 /* Project object */ = {
			isa = PBXProject;
			attributes = {
				LastSwiftUpdateCheck = 0820;
				LastUpgradeCheck = 0900;
				ORGANIZATIONNAME = "Gregory Oberemkov";
				TargetAttributes = {
					BBA9AD6D1F77C8DC009F8FF0 = {
						CreatedOnToolsVersion = 8.2.1;
						LastSwiftMigration = 0900;
						ProvisioningStyle = Automatic;
					};
				};
			};
			buildConfigurationList = BBA9AD691F77C8DC009F8FF0 /* Build configuration list for PBXProject "homework" */;
			compatibilityVersion = "Xcode 3.2";
			developmentRegion = English;
			hasScannedForEncodings = 0;
			knownRegions = (
				en,
				Base,
			);
			mainGroup = BBA9AD651F77C8DC009F8FF0;
			productRefGroup = BBA9AD6F1F77C8DC009F8FF0 /* Products */;
			projectDirPath = "";
			projectRoot = "";
			targets = (
				BBA9AD6D1F77C8DC009F8FF0 /* homework */,
			);
		};
/* End PBXProject section */

/* Begin PBXResourcesBuildPhase section */
		BBA9AD6C1F77C8DC009F8FF0 /* Resources */ = {
			isa = PBXResourcesBuildPhase;
			buildActionMask = 2147483647;
			files = (
				BB0D35CE1F9256C8009750A4 /* Main.storyboard in Resources */,
				BBA9AD7C1F77C8DC009F8FF0 /* LaunchScreen.storyboard in Resources */,
				BBA9AD791F77C8DC009F8FF0 /* Assets.xcassets in Resources */,
			);
			runOnlyForDeploymentPostprocessing = 0;
		};
/* End PBXResourcesBuildPhase section */

/* Begin PBXSourcesBuildPhase section */
		BBA9AD6A1F77C8DC009F8FF0 /* Sources */ = {
			isa = PBXSourcesBuildPhase;
			buildActionMask = 2147483647;
			files = (
				BB16903C1F8AA97D00E5E227 /* DialogueViewController.swift in Sources */,
				BB19CB941FB74373000FED3D /* UserCore.swift in Sources */,
				BB1582541FAE229400E68F3E /* TinkoffHomework.xcdatamodeld in Sources */,
				BB0C444C1F9246ED00EC0FB7 /* GCDDataManager.swift in Sources */,
				BB1582561FAE235500E68F3E /* Stack.swift in Sources */,
				BBA9AD741F77C8DC009F8FF0 /* ViewController.swift in Sources */,
				BB16902B1F8A6C3500E5E227 /* TableViewCell.swift in Sources */,
				BB19CB961FB7439E000FED3D /* CoreConversation.swift in Sources */,
				BB11FE1E1F8AAEA4009DE922 /* MessageTableViewCell.swift in Sources */,
				BB145B901FB79DF00096C77D /* DialogProvider.swift in Sources */,
				BB19CB921FB73817000FED3D /* CoreMessage.swift in Sources */,
				BB1582581FAE382B00E68F3E /* AppUserCore.swift in Sources */,
				BB2E068F1F9BCAD500A14B6F /* CellData.swift in Sources */,
				BB15825A1FAE457700E68F3E /* StorageManager.swift in Sources */,
				BB145B931FB7A1700096C77D /* ConversProvider.swift in Sources */,
				BB0C44501F92488900EC0FB7 /* ProfileDataToSave.swift in Sources */,
				BB0C43F71F8E2AE300EC0FB7 /* ProfileViewController.swift in Sources */,
				BB13CDF91FA70B0600AB5C01 /* ConversationModel.swift in Sources */,
				BBA9AD721F77C8DC009F8FF0 /* AppDelegate.swift in Sources */,
				BB1690291F8A6A2000E5E227 /* ConversationsListViewController.swift in Sources */,
				BB171CCD1F97BCA700AEE347 /* Communicator.swift in Sources */,
				BB171CCF1F97C3BE00AEE347 /* MultipeerConectivity.swift in Sources */,
				BBE962FC1F937EFB00C2331F /* OperationDataManager.swift in Sources */,
			);
			runOnlyForDeploymentPostprocessing = 0;
		};
/* End PBXSourcesBuildPhase section */

/* Begin PBXVariantGroup section */
		BBA9AD751F77C8DC009F8FF0 /* Main.storyboard */ = {
			isa = PBXVariantGroup;
			children = (
				BBA9AD761F77C8DC009F8FF0 /* Base */,
			);
			name = Main.storyboard;
			sourceTree = "<group>";
		};
		BBA9AD7A1F77C8DC009F8FF0 /* LaunchScreen.storyboard */ = {
			isa = PBXVariantGroup;
			children = (
				BBA9AD7B1F77C8DC009F8FF0 /* Base */,
			);
			name = LaunchScreen.storyboard;
			sourceTree = "<group>";
		};
/* End PBXVariantGroup section */

/* Begin XCBuildConfiguration section */
		BBA9AD7E1F77C8DC009F8FF0 /* Debug */ = {
			isa = XCBuildConfiguration;
			buildSettings = {
				ALWAYS_SEARCH_USER_PATHS = NO;
				CLANG_ANALYZER_NONNULL = YES;
				CLANG_CXX_LANGUAGE_STANDARD = "gnu++0x";
				CLANG_CXX_LIBRARY = "libc++";
				CLANG_ENABLE_MODULES = YES;
				CLANG_ENABLE_OBJC_ARC = YES;
				CLANG_WARN_BLOCK_CAPTURE_AUTORELEASING = YES;
				CLANG_WARN_BOOL_CONVERSION = YES;
				CLANG_WARN_COMMA = YES;
				CLANG_WARN_CONSTANT_CONVERSION = YES;
				CLANG_WARN_DIRECT_OBJC_ISA_USAGE = YES_ERROR;
				CLANG_WARN_DOCUMENTATION_COMMENTS = YES;
				CLANG_WARN_EMPTY_BODY = YES;
				CLANG_WARN_ENUM_CONVERSION = YES;
				CLANG_WARN_INFINITE_RECURSION = YES;
				CLANG_WARN_INT_CONVERSION = YES;
				CLANG_WARN_NON_LITERAL_NULL_CONVERSION = YES;
				CLANG_WARN_OBJC_LITERAL_CONVERSION = YES;
				CLANG_WARN_OBJC_ROOT_CLASS = YES_ERROR;
				CLANG_WARN_RANGE_LOOP_ANALYSIS = YES;
				CLANG_WARN_STRICT_PROTOTYPES = YES;
				CLANG_WARN_SUSPICIOUS_MOVE = YES;
				CLANG_WARN_UNREACHABLE_CODE = YES;
				CLANG_WARN__DUPLICATE_METHOD_MATCH = YES;
				"CODE_SIGN_IDENTITY[sdk=iphoneos*]" = "iPhone Developer";
				COPY_PHASE_STRIP = NO;
				DEBUG_INFORMATION_FORMAT = dwarf;
				ENABLE_STRICT_OBJC_MSGSEND = YES;
				ENABLE_TESTABILITY = YES;
				GCC_C_LANGUAGE_STANDARD = gnu99;
				GCC_DYNAMIC_NO_PIC = NO;
				GCC_NO_COMMON_BLOCKS = YES;
				GCC_OPTIMIZATION_LEVEL = 0;
				GCC_PREPROCESSOR_DEFINITIONS = (
					"DEBUG=1",
					"$(inherited)",
				);
				GCC_WARN_64_TO_32_BIT_CONVERSION = YES;
				GCC_WARN_ABOUT_RETURN_TYPE = YES_ERROR;
				GCC_WARN_UNDECLARED_SELECTOR = YES;
				GCC_WARN_UNINITIALIZED_AUTOS = YES_AGGRESSIVE;
				GCC_WARN_UNUSED_FUNCTION = YES;
				GCC_WARN_UNUSED_VARIABLE = YES;
				IPHONEOS_DEPLOYMENT_TARGET = 10.2;
				MTL_ENABLE_DEBUG_INFO = YES;
				ONLY_ACTIVE_ARCH = YES;
				SDKROOT = iphoneos;
				SWIFT_ACTIVE_COMPILATION_CONDITIONS = DEBUG;
				SWIFT_OPTIMIZATION_LEVEL = "-Onone";
				SWIFT_SWIFT3_OBJC_INFERENCE = Default;
				TARGETED_DEVICE_FAMILY = "1,2";
			};
			name = Debug;
		};
		BBA9AD7F1F77C8DC009F8FF0 /* Release */ = {
			isa = XCBuildConfiguration;
			buildSettings = {
				ALWAYS_SEARCH_USER_PATHS = NO;
				CLANG_ANALYZER_NONNULL = YES;
				CLANG_CXX_LANGUAGE_STANDARD = "gnu++0x";
				CLANG_CXX_LIBRARY = "libc++";
				CLANG_ENABLE_MODULES = YES;
				CLANG_ENABLE_OBJC_ARC = YES;
				CLANG_WARN_BLOCK_CAPTURE_AUTORELEASING = YES;
				CLANG_WARN_BOOL_CONVERSION = YES;
				CLANG_WARN_COMMA = YES;
				CLANG_WARN_CONSTANT_CONVERSION = YES;
				CLANG_WARN_DIRECT_OBJC_ISA_USAGE = YES_ERROR;
				CLANG_WARN_DOCUMENTATION_COMMENTS = YES;
				CLANG_WARN_EMPTY_BODY = YES;
				CLANG_WARN_ENUM_CONVERSION = YES;
				CLANG_WARN_INFINITE_RECURSION = YES;
				CLANG_WARN_INT_CONVERSION = YES;
				CLANG_WARN_NON_LITERAL_NULL_CONVERSION = YES;
				CLANG_WARN_OBJC_LITERAL_CONVERSION = YES;
				CLANG_WARN_OBJC_ROOT_CLASS = YES_ERROR;
				CLANG_WARN_RANGE_LOOP_ANALYSIS = YES;
				CLANG_WARN_STRICT_PROTOTYPES = YES;
				CLANG_WARN_SUSPICIOUS_MOVE = YES;
				CLANG_WARN_UNREACHABLE_CODE = YES;
				CLANG_WARN__DUPLICATE_METHOD_MATCH = YES;
				"CODE_SIGN_IDENTITY[sdk=iphoneos*]" = "iPhone Developer";
				COPY_PHASE_STRIP = NO;
				DEBUG_INFORMATION_FORMAT = "dwarf-with-dsym";
				ENABLE_NS_ASSERTIONS = NO;
				ENABLE_STRICT_OBJC_MSGSEND = YES;
				GCC_C_LANGUAGE_STANDARD = gnu99;
				GCC_NO_COMMON_BLOCKS = YES;
				GCC_WARN_64_TO_32_BIT_CONVERSION = YES;
				GCC_WARN_ABOUT_RETURN_TYPE = YES_ERROR;
				GCC_WARN_UNDECLARED_SELECTOR = YES;
				GCC_WARN_UNINITIALIZED_AUTOS = YES_AGGRESSIVE;
				GCC_WARN_UNUSED_FUNCTION = YES;
				GCC_WARN_UNUSED_VARIABLE = YES;
				IPHONEOS_DEPLOYMENT_TARGET = 10.2;
				MTL_ENABLE_DEBUG_INFO = NO;
				SDKROOT = iphoneos;
				SWIFT_OPTIMIZATION_LEVEL = "-Owholemodule";
				SWIFT_SWIFT3_OBJC_INFERENCE = Default;
				TARGETED_DEVICE_FAMILY = "1,2";
				VALIDATE_PRODUCT = YES;
			};
			name = Release;
		};
		BBA9AD811F77C8DC009F8FF0 /* Debug */ = {
			isa = XCBuildConfiguration;
			buildSettings = {
				ASSETCATALOG_COMPILER_APPICON_NAME = AppIcon;
				INFOPLIST_FILE = homework/Info.plist;
				LD_RUNPATH_SEARCH_PATHS = "$(inherited) @executable_path/Frameworks";
				PRODUCT_BUNDLE_IDENTIFIER = tb.homework;
				PRODUCT_NAME = "$(TARGET_NAME)";
				SWIFT_SWIFT3_OBJC_INFERENCE = Default;
				SWIFT_VERSION = 4.0;
			};
			name = Debug;
		};
		BBA9AD821F77C8DC009F8FF0 /* Release */ = {
			isa = XCBuildConfiguration;
			buildSettings = {
				ASSETCATALOG_COMPILER_APPICON_NAME = AppIcon;
				INFOPLIST_FILE = homework/Info.plist;
				LD_RUNPATH_SEARCH_PATHS = "$(inherited) @executable_path/Frameworks";
				PRODUCT_BUNDLE_IDENTIFIER = tb.homework;
				PRODUCT_NAME = "$(TARGET_NAME)";
				SWIFT_SWIFT3_OBJC_INFERENCE = Default;
				SWIFT_VERSION = 4.0;
			};
			name = Release;
		};
/* End XCBuildConfiguration section */

/* Begin XCConfigurationList section */
		BBA9AD691F77C8DC009F8FF0 /* Build configuration list for PBXProject "homework" */ = {
			isa = XCConfigurationList;
			buildConfigurations = (
				BBA9AD7E1F77C8DC009F8FF0 /* Debug */,
				BBA9AD7F1F77C8DC009F8FF0 /* Release */,
			);
			defaultConfigurationIsVisible = 0;
			defaultConfigurationName = Release;
		};
		BBA9AD801F77C8DC009F8FF0 /* Build configuration list for PBXNativeTarget "homework" */ = {
			isa = XCConfigurationList;
			buildConfigurations = (
				BBA9AD811F77C8DC009F8FF0 /* Debug */,
				BBA9AD821F77C8DC009F8FF0 /* Release */,
			);
			defaultConfigurationIsVisible = 0;
			defaultConfigurationName = Release;
		};
/* End XCConfigurationList section */

/* Begin XCVersionGroup section */
		BB1582521FAE229400E68F3E /* TinkoffHomework.xcdatamodeld */ = {
			isa = XCVersionGroup;
			children = (
				BB1582531FAE229400E68F3E /* TinkoffHomework.xcdatamodel */,
			);
			currentVersion = BB1582531FAE229400E68F3E /* TinkoffHomework.xcdatamodel */;
			path = TinkoffHomework.xcdatamodeld;
			sourceTree = "<group>";
			versionGroupType = wrapper.xcdatamodel;
		};
/* End XCVersionGroup section */
	};
	rootObject = BBA9AD661F77C8DC009F8FF0 /* Project object */;
}
